
Microsoft Visual Studio Solution File, Format Version 12.00
# Visual Studio Version 16
VisualStudioVersion = 16.0.30523.141
MinimumVisualStudioVersion = 10.0.40219.1
Project("{FAE04EC0-301F-11D3-BF4B-00C04F79EFBC}") = "Client", "Client\Client.csproj", "{2463023F-FDAC-474A-B3D0-874A784BFCE2}"
EndProject
Project("{FAE04EC0-301F-11D3-BF4B-00C04F79EFBC}") = "Server", "Server\Server.csproj", "{4EFA283A-CC11-4DDD-8C0F-3C2D3D3D9BCB}"
EndProject
Global
	GlobalSection(SolutionConfigurationPlatforms) = preSolution
		Debug|Any CPU = Debug|Any CPU
		Release|Any CPU = Release|Any CPU
	EndGlobalSection
	GlobalSection(ProjectConfigurationPlatforms) = postSolution
		{2463023F-FDAC-474A-B3D0-874A784BFCE2}.Debug|Any CPU.ActiveCfg = Debug|Any CPU
		{2463023F-FDAC-474A-B3D0-874A784BFCE2}.Debug|Any CPU.Build.0 = Debug|Any CPU
		{2463023F-FDAC-474A-B3D0-874A784BFCE2}.Release|Any CPU.ActiveCfg = Release|Any CPU
		{2463023F-FDAC-474A-B3D0-874A784BFCE2}.Release|Any CPU.Build.0 = Release|Any CPU
		{4EFA283A-CC11-4DDD-8C0F-3C2D3D3D9BCB}.Debug|Any CPU.ActiveCfg = Debug|Any CPU
		{4EFA283A-CC11-4DDD-8C0F-3C2D3D3D9BCB}.Debug|Any CPU.Build.0 = Debug|Any CPU
		{4EFA283A-CC11-4DDD-8C0F-3C2D3D3D9BCB}.Release|Any CPU.ActiveCfg = Release|Any CPU
		{4EFA283A-CC11-4DDD-8C0F-3C2D3D3D9BCB}.Release|Any CPU.Build.0 = Release|Any CPU
	EndGlobalSection
	GlobalSection(SolutionProperties) = preSolution
		HideSolutionNode = FALSE
	EndGlobalSection
	GlobalSection(ExtensibilityGlobals) = postSolution
		SolutionGuid = {97FC2EBC-B941-482C-A114-22981EFA7BD6}
	EndGlobalSection
EndGlobal
